// !$*UTF8*$!
{
	archiveVersion = 1;
	classes = {
	};
	objectVersion = 55;
	objects = {

/* Begin PBXBuildFile section */
		9544B32F28989B5000822C10 /* AppDelegate.swift in Sources */ = {isa = PBXBuildFile; fileRef = 9544B32E28989B5000822C10 /* AppDelegate.swift */; };
		9544B33128989B5000822C10 /* SceneDelegate.swift in Sources */ = {isa = PBXBuildFile; fileRef = 9544B33028989B5000822C10 /* SceneDelegate.swift */; };
		9544B33828989B5200822C10 /* Assets.xcassets in Resources */ = {isa = PBXBuildFile; fileRef = 9544B33728989B5200822C10 /* Assets.xcassets */; };
		9544B33B28989B5200822C10 /* LaunchScreen.storyboard in Resources */ = {isa = PBXBuildFile; fileRef = 9544B33928989B5200822C10 /* LaunchScreen.storyboard */; };
		9544B3462898DE2000822C10 /* HomeView.swift in Sources */ = {isa = PBXBuildFile; fileRef = 9544B3442898DE2000822C10 /* HomeView.swift */; };
		9544B3472898DE2000822C10 /* HomeView.xib in Resources */ = {isa = PBXBuildFile; fileRef = 9544B3452898DE2000822C10 /* HomeView.xib */; };
		9544B34B2898E09900822C10 /* HomeRouter.swift in Sources */ = {isa = PBXBuildFile; fileRef = 9544B34A2898E09900822C10 /* HomeRouter.swift */; };
		9544B34F2898E93800822C10 /* HomeViewModel.swift in Sources */ = {isa = PBXBuildFile; fileRef = 9544B34E2898E93800822C10 /* HomeViewModel.swift */; };
		956ACA8B289AA70C00C91FC3 /* Constants.swift in Sources */ = {isa = PBXBuildFile; fileRef = 956ACA8A289AA70C00C91FC3 /* Constants.swift */; };
		95F9CED2289E0D3300BA0B8E /* ManagerConnections.swift in Sources */ = {isa = PBXBuildFile; fileRef = 95F9CED1289E0D3300BA0B8E /* ManagerConnections.swift */; };
		95F9CED4289E105600BA0B8E /* MovieModel.swift in Sources */ = {isa = PBXBuildFile; fileRef = 95F9CED3289E105600BA0B8E /* MovieModel.swift */; };
		F9FCCECE08BC141D6D83A809 /* Pods_iosMovies.framework in Frameworks */ = {isa = PBXBuildFile; fileRef = 7C0828BCA5A181C6307A2214 /* Pods_iosMovies.framework */; };
/* End PBXBuildFile section */

/* Begin PBXFileReference section */
		5AA0BBD1ADB618A0A10DEE3F /* Pods-iosMovies.debug.xcconfig */ = {isa = PBXFileReference; includeInIndex = 1; lastKnownFileType = text.xcconfig; name = "Pods-iosMovies.debug.xcconfig"; path = "Target Support Files/Pods-iosMovies/Pods-iosMovies.debug.xcconfig"; sourceTree = "<group>"; };
		7C0828BCA5A181C6307A2214 /* Pods_iosMovies.framework */ = {isa = PBXFileReference; explicitFileType = wrapper.framework; includeInIndex = 0; path = Pods_iosMovies.framework; sourceTree = BUILT_PRODUCTS_DIR; };
		9544B32B28989B5000822C10 /* iosMovies.app */ = {isa = PBXFileReference; explicitFileType = wrapper.application; includeInIndex = 0; path = iosMovies.app; sourceTree = BUILT_PRODUCTS_DIR; };
		9544B32E28989B5000822C10 /* AppDelegate.swift */ = {isa = PBXFileReference; lastKnownFileType = sourcecode.swift; path = AppDelegate.swift; sourceTree = "<group>"; };
		9544B33028989B5000822C10 /* SceneDelegate.swift */ = {isa = PBXFileReference; lastKnownFileType = sourcecode.swift; path = SceneDelegate.swift; sourceTree = "<group>"; };
		9544B33728989B5200822C10 /* Assets.xcassets */ = {isa = PBXFileReference; lastKnownFileType = folder.assetcatalog; path = Assets.xcassets; sourceTree = "<group>"; };
		9544B33A28989B5200822C10 /* Base */ = {isa = PBXFileReference; lastKnownFileType = file.storyboard; name = Base; path = Base.lproj/LaunchScreen.storyboard; sourceTree = "<group>"; };
		9544B33C28989B5200822C10 /* Info.plist */ = {isa = PBXFileReference; lastKnownFileType = text.plist.xml; path = Info.plist; sourceTree = "<group>"; };
		9544B3442898DE2000822C10 /* HomeView.swift */ = {isa = PBXFileReference; lastKnownFileType = sourcecode.swift; path = HomeView.swift; sourceTree = "<group>"; };
		9544B3452898DE2000822C10 /* HomeView.xib */ = {isa = PBXFileReference; lastKnownFileType = file.xib; path = HomeView.xib; sourceTree = "<group>"; };
		9544B34A2898E09900822C10 /* HomeRouter.swift */ = {isa = PBXFileReference; lastKnownFileType = sourcecode.swift; path = HomeRouter.swift; sourceTree = "<group>"; };
		9544B34E2898E93800822C10 /* HomeViewModel.swift */ = {isa = PBXFileReference; lastKnownFileType = sourcecode.swift; path = HomeViewModel.swift; sourceTree = "<group>"; };
		956ACA8A289AA70C00C91FC3 /* Constants.swift */ = {isa = PBXFileReference; lastKnownFileType = sourcecode.swift; path = Constants.swift; sourceTree = "<group>"; };
		95F9CED1289E0D3300BA0B8E /* ManagerConnections.swift */ = {isa = PBXFileReference; lastKnownFileType = sourcecode.swift; path = ManagerConnections.swift; sourceTree = "<group>"; };
		95F9CED3289E105600BA0B8E /* MovieModel.swift */ = {isa = PBXFileReference; lastKnownFileType = sourcecode.swift; path = MovieModel.swift; sourceTree = "<group>"; };
		D8F5EA27405E10D7C505BC56 /* Pods-iosMovies.release.xcconfig */ = {isa = PBXFileReference; includeInIndex = 1; lastKnownFileType = text.xcconfig; name = "Pods-iosMovies.release.xcconfig"; path = "Target Support Files/Pods-iosMovies/Pods-iosMovies.release.xcconfig"; sourceTree = "<group>"; };
/* End PBXFileReference section */

/* Begin PBXFrameworksBuildPhase section */
		9544B32828989B5000822C10 /* Frameworks */ = {
			isa = PBXFrameworksBuildPhase;
			buildActionMask = 2147483647;
			files = (
				F9FCCECE08BC141D6D83A809 /* Pods_iosMovies.framework in Frameworks */,
			);
			runOnlyForDeploymentPostprocessing = 0;
		};
/* End PBXFrameworksBuildPhase section */

/* Begin PBXGroup section */
		3DFB31B8536226AF12979388 /* Pods */ = {
			isa = PBXGroup;
			children = (
				5AA0BBD1ADB618A0A10DEE3F /* Pods-iosMovies.debug.xcconfig */,
				D8F5EA27405E10D7C505BC56 /* Pods-iosMovies.release.xcconfig */,
			);
			path = Pods;
			sourceTree = "<group>";
		};
		66E6456D5408E3C04E5203B9 /* Frameworks */ = {
			isa = PBXGroup;
			children = (
				7C0828BCA5A181C6307A2214 /* Pods_iosMovies.framework */,
			);
			name = Frameworks;
			sourceTree = "<group>";
		};
		9544B32228989B5000822C10 = {
			isa = PBXGroup;
			children = (
				9544B32D28989B5000822C10 /* iosMovies */,
				9544B32C28989B5000822C10 /* Products */,
				3DFB31B8536226AF12979388 /* Pods */,
				66E6456D5408E3C04E5203B9 /* Frameworks */,
			);
			sourceTree = "<group>";
		};
		9544B32C28989B5000822C10 /* Products */ = {
			isa = PBXGroup;
			children = (
				9544B32B28989B5000822C10 /* iosMovies.app */,
			);
			name = Products;
			sourceTree = "<group>";
		};
		9544B32D28989B5000822C10 /* iosMovies */ = {
			isa = PBXGroup;
			children = (
				9544B32E28989B5000822C10 /* AppDelegate.swift */,
				9544B33028989B5000822C10 /* SceneDelegate.swift */,
				9544B3422898DB9900822C10 /* Home */,
				9544B3432898DBA400822C10 /* DetailView */,
				956ACA89289AA6BA00C91FC3 /* Resources */,
				95F9CED0289E0CCA00BA0B8E /* NetworkManager */,
				9544B33728989B5200822C10 /* Assets.xcassets */,
				9544B33928989B5200822C10 /* LaunchScreen.storyboard */,
				9544B33C28989B5200822C10 /* Info.plist */,
			);
			path = iosMovies;
			sourceTree = "<group>";
		};
		9544B3422898DB9900822C10 /* Home */ = {
			isa = PBXGroup;
			children = (
				9544B34D2898E8C500822C10 /* Model */,
				9544B3482898DFDA00822C10 /* View */,
				9544B34C2898E8B800822C10 /* ViewModel */,
				9544B3492898E04B00822C10 /* Router */,
			);
			path = Home;
			sourceTree = "<group>";
		};
		9544B3432898DBA400822C10 /* DetailView */ = {
			isa = PBXGroup;
			children = (
			);
			path = DetailView;
			sourceTree = "<group>";
		};
		9544B3482898DFDA00822C10 /* View */ = {
			isa = PBXGroup;
			children = (
				9544B3442898DE2000822C10 /* HomeView.swift */,
				9544B3452898DE2000822C10 /* HomeView.xib */,
			);
			path = View;
			sourceTree = "<group>";
		};
		9544B3492898E04B00822C10 /* Router */ = {
			isa = PBXGroup;
			children = (
				9544B34A2898E09900822C10 /* HomeRouter.swift */,
			);
			path = Router;
			sourceTree = "<group>";
		};
		9544B34C2898E8B800822C10 /* ViewModel */ = {
			isa = PBXGroup;
			children = (
				9544B34E2898E93800822C10 /* HomeViewModel.swift */,
			);
			path = ViewModel;
			sourceTree = "<group>";
		};
		9544B34D2898E8C500822C10 /* Model */ = {
			isa = PBXGroup;
			children = (
				95F9CED3289E105600BA0B8E /* MovieModel.swift */,
			);
			path = Model;
			sourceTree = "<group>";
		};
		956ACA89289AA6BA00C91FC3 /* Resources */ = {
			isa = PBXGroup;
			children = (
				956ACA8A289AA70C00C91FC3 /* Constants.swift */,
			);
			path = Resources;
			sourceTree = "<group>";
		};
		95F9CED0289E0CCA00BA0B8E /* NetworkManager */ = {
			isa = PBXGroup;
			children = (
				95F9CED1289E0D3300BA0B8E /* ManagerConnections.swift */,
			);
			path = NetworkManager;
			sourceTree = "<group>";
		};
/* End PBXGroup section */

/* Begin PBXNativeTarget section */
		9544B32A28989B5000822C10 /* iosMovies */ = {
			isa = PBXNativeTarget;
			buildConfigurationList = 9544B33F28989B5200822C10 /* Build configuration list for PBXNativeTarget "iosMovies" */;
			buildPhases = (
				070E7D760358C7F65CEB916C /* [CP] Check Pods Manifest.lock */,
				9544B32728989B5000822C10 /* Sources */,
				9544B32828989B5000822C10 /* Frameworks */,
				9544B32928989B5000822C10 /* Resources */,
				A4361B23275AE1D3FDAF5E87 /* [CP] Embed Pods Frameworks */,
			);
			buildRules = (
			);
			dependencies = (
			);
			name = iosMovies;
			productName = iosMovies;
			productReference = 9544B32B28989B5000822C10 /* iosMovies.app */;
			productType = "com.apple.product-type.application";
		};
/* End PBXNativeTarget section */

/* Begin PBXProject section */
		9544B32328989B5000822C10 /* Project object */ = {
			isa = PBXProject;
			attributes = {
				BuildIndependentTargetsInParallel = 1;
				LastSwiftUpdateCheck = 1340;
				LastUpgradeCheck = 1340;
				TargetAttributes = {
					9544B32A28989B5000822C10 = {
						CreatedOnToolsVersion = 13.4.1;
					};
				};
			};
			buildConfigurationList = 9544B32628989B5000822C10 /* Build configuration list for PBXProject "iosMovies" */;
			compatibilityVersion = "Xcode 13.0";
			developmentRegion = en;
			hasScannedForEncodings = 0;
			knownRegions = (
				en,
				Base,
			);
			mainGroup = 9544B32228989B5000822C10;
			productRefGroup = 9544B32C28989B5000822C10 /* Products */;
			projectDirPath = "";
			projectRoot = "";
			targets = (
				9544B32A28989B5000822C10 /* iosMovies */,
			);
		};
/* End PBXProject section */

/* Begin PBXResourcesBuildPhase section */
		9544B32928989B5000822C10 /* Resources */ = {
			isa = PBXResourcesBuildPhase;
			buildActionMask = 2147483647;
			files = (
				9544B33B28989B5200822C10 /* LaunchScreen.storyboard in Resources */,
				9544B33828989B5200822C10 /* Assets.xcassets in Resources */,
				9544B3472898DE2000822C10 /* HomeView.xib in Resources */,
			);
			runOnlyForDeploymentPostprocessing = 0;
		};
/* End PBXResourcesBuildPhase section */

/* Begin PBXShellScriptBuildPhase section */
		070E7D760358C7F65CEB916C /* [CP] Check Pods Manifest.lock */ = {
			isa = PBXShellScriptBuildPhase;
			buildActionMask = 2147483647;
			files = (
			);
			inputFileListPaths = (
			);
			inputPaths = (
				"${PODS_PODFILE_DIR_PATH}/Podfile.lock",
				"${PODS_ROOT}/Manifest.lock",
			);
			name = "[CP] Check Pods Manifest.lock";
			outputFileListPaths = (
			);
			outputPaths = (
				"$(DERIVED_FILE_DIR)/Pods-iosMovies-checkManifestLockResult.txt",
			);
			runOnlyForDeploymentPostprocessing = 0;
			shellPath = /bin/sh;
			shellScript = "diff \"${PODS_PODFILE_DIR_PATH}/Podfile.lock\" \"${PODS_ROOT}/Manifest.lock\" > /dev/null\nif [ $? != 0 ] ; then\n    # print error to STDERR\n    echo \"error: The sandbox is not in sync with the Podfile.lock. Run 'pod install' or update your CocoaPods installation.\" >&2\n    exit 1\nfi\n# This output is used by Xcode 'outputs' to avoid re-running this script phase.\necho \"SUCCESS\" > \"${SCRIPT_OUTPUT_FILE_0}\"\n";
			showEnvVarsInLog = 0;
		};
		A4361B23275AE1D3FDAF5E87 /* [CP] Embed Pods Frameworks */ = {
			isa = PBXShellScriptBuildPhase;
			buildActionMask = 2147483647;
			files = (
			);
			inputFileListPaths = (
				"${PODS_ROOT}/Target Support Files/Pods-iosMovies/Pods-iosMovies-frameworks-${CONFIGURATION}-input-files.xcfilelist",
			);
			name = "[CP] Embed Pods Frameworks";
			outputFileListPaths = (
				"${PODS_ROOT}/Target Support Files/Pods-iosMovies/Pods-iosMovies-frameworks-${CONFIGURATION}-output-files.xcfilelist",
			);
			runOnlyForDeploymentPostprocessing = 0;
			shellPath = /bin/sh;
			shellScript = "\"${PODS_ROOT}/Target Support Files/Pods-iosMovies/Pods-iosMovies-frameworks.sh\"\n";
			showEnvVarsInLog = 0;
		};
/* End PBXShellScriptBuildPhase section */

/* Begin PBXSourcesBuildPhase section */
		9544B32728989B5000822C10 /* Sources */ = {
			isa = PBXSourcesBuildPhase;
			buildActionMask = 2147483647;
			files = (
				9544B3462898DE2000822C10 /* HomeView.swift in Sources */,
				9544B34B2898E09900822C10 /* HomeRouter.swift in Sources */,
				9544B32F28989B5000822C10 /* AppDelegate.swift in Sources */,
				95F9CED2289E0D3300BA0B8E /* ManagerConnections.swift in Sources */,
				95F9CED4289E105600BA0B8E /* MovieModel.swift in Sources */,
				9544B34F2898E93800822C10 /* HomeViewModel.swift in Sources */,
				9544B33128989B5000822C10 /* SceneDelegate.swift in Sources */,
				956ACA8B289AA70C00C91FC3 /* Constants.swift in Sources */,
			);
			runOnlyForDeploymentPostprocessing = 0;
		};
/* End PBXSourcesBuildPhase section */

/* Begin PBXVariantGroup section */
		9544B33928989B5200822C10 /* LaunchScreen.storyboard */ = {
			isa = PBXVariantGroup;
			children = (
				9544B33A28989B5200822C10 /* Base */,
			);
			name = LaunchScreen.storyboard;
			sourceTree = "<group>";
		};
/* End PBXVariantGroup section */

/* Begin XCBuildConfiguration section */
		9544B33D28989B5200822C10 /* Debug */ = {
			isa = XCBuildConfiguration;
			buildSettings = {
				ALWAYS_SEARCH_USER_PATHS = NO;
				CLANG_ANALYZER_NONNULL = YES;
				CLANG_ANALYZER_NUMBER_OBJECT_CONVERSION = YES_AGGRESSIVE;
				CLANG_CXX_LANGUAGE_STANDARD = "gnu++17";
				CLANG_ENABLE_MODULES = YES;
				CLANG_ENABLE_OBJC_ARC = YES;
				CLANG_ENABLE_OBJC_WEAK = YES;
				CLANG_WARN_BLOCK_CAPTURE_AUTORELEASING = YES;
				CLANG_WARN_BOOL_CONVERSION = YES;
				CLANG_WARN_COMMA = YES;
				CLANG_WARN_CONSTANT_CONVERSION = YES;
				CLANG_WARN_DEPRECATED_OBJC_IMPLEMENTATIONS = YES;
				CLANG_WARN_DIRECT_OBJC_ISA_USAGE = YES_ERROR;
				CLANG_WARN_DOCUMENTATION_COMMENTS = YES;
				CLANG_WARN_EMPTY_BODY = YES;
				CLANG_WARN_ENUM_CONVERSION = YES;
				CLANG_WARN_INFINITE_RECURSION = YES;
				CLANG_WARN_INT_CONVERSION = YES;
				CLANG_WARN_NON_LITERAL_NULL_CONVERSION = YES;
				CLANG_WARN_OBJC_IMPLICIT_RETAIN_SELF = YES;
				CLANG_WARN_OBJC_LITERAL_CONVERSION = YES;
				CLANG_WARN_OBJC_ROOT_CLASS = YES_ERROR;
				CLANG_WARN_QUOTED_INCLUDE_IN_FRAMEWORK_HEADER = YES;
				CLANG_WARN_RANGE_LOOP_ANALYSIS = YES;
				CLANG_WARN_STRICT_PROTOTYPES = YES;
				CLANG_WARN_SUSPICIOUS_MOVE = YES;
				CLANG_WARN_UNGUARDED_AVAILABILITY = YES_AGGRESSIVE;
				CLANG_WARN_UNREACHABLE_CODE = YES;
				CLANG_WARN__DUPLICATE_METHOD_MATCH = YES;
				COPY_PHASE_STRIP = NO;
				DEBUG_INFORMATION_FORMAT = dwarf;
				ENABLE_STRICT_OBJC_MSGSEND = YES;
				ENABLE_TESTABILITY = YES;
				GCC_C_LANGUAGE_STANDARD = gnu11;
				GCC_DYNAMIC_NO_PIC = NO;
				GCC_NO_COMMON_BLOCKS = YES;
				GCC_OPTIMIZATION_LEVEL = 0;
				GCC_PREPROCESSOR_DEFINITIONS = (
					"DEBUG=1",
					"$(inherited)",
				);
				GCC_WARN_64_TO_32_BIT_CONVERSION = YES;
				GCC_WARN_ABOUT_RETURN_TYPE = YES_ERROR;
				GCC_WARN_UNDECLARED_SELECTOR = YES;
				GCC_WARN_UNINITIALIZED_AUTOS = YES_AGGRESSIVE;
				GCC_WARN_UNUSED_FUNCTION = YES;
				GCC_WARN_UNUSED_VARIABLE = YES;
				IPHONEOS_DEPLOYMENT_TARGET = 15.5;
				MTL_ENABLE_DEBUG_INFO = INCLUDE_SOURCE;
				MTL_FAST_MATH = YES;
				ONLY_ACTIVE_ARCH = YES;
				SDKROOT = iphoneos;
				SWIFT_ACTIVE_COMPILATION_CONDITIONS = DEBUG;
				SWIFT_OPTIMIZATION_LEVEL = "-Onone";
			};
			name = Debug;
		};
		9544B33E28989B5200822C10 /* Release */ = {
			isa = XCBuildConfiguration;
			buildSettings = {
				ALWAYS_SEARCH_USER_PATHS = NO;
				CLANG_ANALYZER_NONNULL = YES;
				CLANG_ANALYZER_NUMBER_OBJECT_CONVERSION = YES_AGGRESSIVE;
				CLANG_CXX_LANGUAGE_STANDARD = "gnu++17";
				CLANG_ENABLE_MODULES = YES;
				CLANG_ENABLE_OBJC_ARC = YES;
				CLANG_ENABLE_OBJC_WEAK = YES;
				CLANG_WARN_BLOCK_CAPTURE_AUTORELEASING = YES;
				CLANG_WARN_BOOL_CONVERSION = YES;
				CLANG_WARN_COMMA = YES;
				CLANG_WARN_CONSTANT_CONVERSION = YES;
				CLANG_WARN_DEPRECATED_OBJC_IMPLEMENTATIONS = YES;
				CLANG_WARN_DIRECT_OBJC_ISA_USAGE = YES_ERROR;
				CLANG_WARN_DOCUMENTATION_COMMENTS = YES;
				CLANG_WARN_EMPTY_BODY = YES;
				CLANG_WARN_ENUM_CONVERSION = YES;
				CLANG_WARN_INFINITE_RECURSION = YES;
				CLANG_WARN_INT_CONVERSION = YES;
				CLANG_WARN_NON_LITERAL_NULL_CONVERSION = YES;
				CLANG_WARN_OBJC_IMPLICIT_RETAIN_SELF = YES;
				CLANG_WARN_OBJC_LITERAL_CONVERSION = YES;
				CLANG_WARN_OBJC_ROOT_CLASS = YES_ERROR;
				CLANG_WARN_QUOTED_INCLUDE_IN_FRAMEWORK_HEADER = YES;
				CLANG_WARN_RANGE_LOOP_ANALYSIS = YES;
				CLANG_WARN_STRICT_PROTOTYPES = YES;
				CLANG_WARN_SUSPICIOUS_MOVE = YES;
				CLANG_WARN_UNGUARDED_AVAILABILITY = YES_AGGRESSIVE;
				CLANG_WARN_UNREACHABLE_CODE = YES;
				CLANG_WARN__DUPLICATE_METHOD_MATCH = YES;
				COPY_PHASE_STRIP = NO;
				DEBUG_INFORMATION_FORMAT = "dwarf-with-dsym";
				ENABLE_NS_ASSERTIONS = NO;
				ENABLE_STRICT_OBJC_MSGSEND = YES;
				GCC_C_LANGUAGE_STANDARD = gnu11;
				GCC_NO_COMMON_BLOCKS = YES;
				GCC_WARN_64_TO_32_BIT_CONVERSION = YES;
				GCC_WARN_ABOUT_RETURN_TYPE = YES_ERROR;
				GCC_WARN_UNDECLARED_SELECTOR = YES;
				GCC_WARN_UNINITIALIZED_AUTOS = YES_AGGRESSIVE;
				GCC_WARN_UNUSED_FUNCTION = YES;
				GCC_WARN_UNUSED_VARIABLE = YES;
				IPHONEOS_DEPLOYMENT_TARGET = 15.5;
				MTL_ENABLE_DEBUG_INFO = NO;
				MTL_FAST_MATH = YES;
				SDKROOT = iphoneos;
				SWIFT_COMPILATION_MODE = wholemodule;
				SWIFT_OPTIMIZATION_LEVEL = "-O";
				VALIDATE_PRODUCT = YES;
			};
			name = Release;
		};
		9544B34028989B5200822C10 /* Debug */ = {
			isa = XCBuildConfiguration;
			baseConfigurationReference = 5AA0BBD1ADB618A0A10DEE3F /* Pods-iosMovies.debug.xcconfig */;
			buildSettings = {
				ASSETCATALOG_COMPILER_APPICON_NAME = AppIcon;
				ASSETCATALOG_COMPILER_GLOBAL_ACCENT_COLOR_NAME = AccentColor;
				CODE_SIGN_STYLE = Automatic;
				CURRENT_PROJECT_VERSION = 1;
				GENERATE_INFOPLIST_FILE = YES;
				INFOPLIST_FILE = iosMovies/Info.plist;
				INFOPLIST_KEY_UIApplicationSupportsIndirectInputEvents = YES;
				INFOPLIST_KEY_UILaunchStoryboardName = LaunchScreen;
				INFOPLIST_KEY_UISupportedInterfaceOrientations_iPad = "UIInterfaceOrientationPortrait UIInterfaceOrientationPortraitUpsideDown UIInterfaceOrientationLandscapeLeft UIInterfaceOrientationLandscapeRight";
				INFOPLIST_KEY_UISupportedInterfaceOrientations_iPhone = "UIInterfaceOrientationPortrait UIInterfaceOrientationLandscapeLeft UIInterfaceOrientationLandscapeRight";
				LD_RUNPATH_SEARCH_PATHS = (
					"$(inherited)",
					"@executable_path/Frameworks",
				);
				MARKETING_VERSION = 1.0;
				PRODUCT_BUNDLE_IDENTIFIER = com.ariasdevelopment.iosMovies;
				PRODUCT_NAME = "$(TARGET_NAME)";
				SWIFT_EMIT_LOC_STRINGS = YES;
				SWIFT_VERSION = 5.0;
				TARGETED_DEVICE_FAMILY = "1,2";
			};
			name = Debug;
		};
		9544B34128989B5200822C10 /* Release */ = {
			isa = XCBuildConfiguration;
			baseConfigurationReference = D8F5EA27405E10D7C505BC56 /* Pods-iosMovies.release.xcconfig */;
			buildSettings = {
				ASSETCATALOG_COMPILER_APPICON_NAME = AppIcon;
				ASSETCATALOG_COMPILER_GLOBAL_ACCENT_COLOR_NAME = AccentColor;
				CODE_SIGN_STYLE = Automatic;
				CURRENT_PROJECT_VERSION = 1;
				GENERATE_INFOPLIST_FILE = YES;
				INFOPLIST_FILE = iosMovies/Info.plist;
				INFOPLIST_KEY_UIApplicationSupportsIndirectInputEvents = YES;
				INFOPLIST_KEY_UILaunchStoryboardName = LaunchScreen;
				INFOPLIST_KEY_UISupportedInterfaceOrientations_iPad = "UIInterfaceOrientationPortrait UIInterfaceOrientationPortraitUpsideDown UIInterfaceOrientationLandscapeLeft UIInterfaceOrientationLandscapeRight";
				INFOPLIST_KEY_UISupportedInterfaceOrientations_iPhone = "UIInterfaceOrientationPortrait UIInterfaceOrientationLandscapeLeft UIInterfaceOrientationLandscapeRight";
				LD_RUNPATH_SEARCH_PATHS = (
					"$(inherited)",
					"@executable_path/Frameworks",
				);
				MARKETING_VERSION = 1.0;
				PRODUCT_BUNDLE_IDENTIFIER = com.ariasdevelopment.iosMovies;
				PRODUCT_NAME = "$(TARGET_NAME)";
				SWIFT_EMIT_LOC_STRINGS = YES;
				SWIFT_VERSION = 5.0;
				TARGETED_DEVICE_FAMILY = "1,2";
			};
			name = Release;
		};
/* End XCBuildConfiguration section */

/* Begin XCConfigurationList section */
		9544B32628989B5000822C10 /* Build configuration list for PBXProject "iosMovies" */ = {
			isa = XCConfigurationList;
			buildConfigurations = (
				9544B33D28989B5200822C10 /* Debug */,
				9544B33E28989B5200822C10 /* Release */,
			);
			defaultConfigurationIsVisible = 0;
			defaultConfigurationName = Release;
		};
		9544B33F28989B5200822C10 /* Build configuration list for PBXNativeTarget "iosMovies" */ = {
			isa = XCConfigurationList;
			buildConfigurations = (
				9544B34028989B5200822C10 /* Debug */,
				9544B34128989B5200822C10 /* Release */,
			);
			defaultConfigurationIsVisible = 0;
			defaultConfigurationName = Release;
		};
/* End XCConfigurationList section */
	};
	rootObject = 9544B32328989B5000822C10 /* Project object */;
}
